
Microsoft Visual Studio Solution File, Format Version 12.00
# Visual Studio 2012
Project("{FAE04EC0-301F-11D3-BF4B-00C04F79EFBC}") = "Motion.Mobile.Core.BLE.Droid", "Motion.Mobile.Core.BLE.Droid.csproj", "{0F4C53F9-CADE-484F-BB88-0CAA5345A018}"
EndProject
Global
	GlobalSection(SolutionConfigurationPlatforms) = preSolution
		Debug|Any CPU = Debug|Any CPU
		Release|Any CPU = Release|Any CPU
	EndGlobalSection
	GlobalSection(ProjectConfigurationPlatforms) = postSolution
		{0F4C53F9-CADE-484F-BB88-0CAA5345A018}.Debug|Any CPU.ActiveCfg = Debug|Any CPU
		{0F4C53F9-CADE-484F-BB88-0CAA5345A018}.Debug|Any CPU.Build.0 = Debug|Any CPU
		{0F4C53F9-CADE-484F-BB88-0CAA5345A018}.Release|Any CPU.ActiveCfg = Release|Any CPU
		{0F4C53F9-CADE-484F-BB88-0CAA5345A018}.Release|Any CPU.Build.0 = Release|Any CPU
	EndGlobalSection
EndGlobal
